
Microsoft Visual Studio Solution File, Format Version 12.00
# Visual Studio 2015
Project("{FAE04EC0-301F-11D3-BF4B-00C04F79EFBC}") = "TimecoderExample.CSharp", "TimecoderExample.CSharp.csproj", "{47D320F8-5702-F916-EC49-A82E150697DC}"
EndProject
Project("{FAE04EC0-301F-11D3-BF4B-00C04F79EFBC}") = "TimecoderExample.CSharp.Editor", "TimecoderExample.CSharp.Editor.csproj", "{07515D0C-0E0D-F3B4-286C-A5E437E8E0B2}"
EndProject
Global
	GlobalSection(SolutionConfigurationPlatforms) = preSolution
		Debug|Any CPU = Debug|Any CPU
		Release|Any CPU = Release|Any CPU
	EndGlobalSection
	GlobalSection(ProjectConfigurationPlatforms) = postSolution
		{47D320F8-5702-F916-EC49-A82E150697DC}.Debug|Any CPU.ActiveCfg = Debug|Any CPU
		{47D320F8-5702-F916-EC49-A82E150697DC}.Debug|Any CPU.Build.0 = Debug|Any CPU
		{47D320F8-5702-F916-EC49-A82E150697DC}.Release|Any CPU.ActiveCfg = Release|Any CPU
		{47D320F8-5702-F916-EC49-A82E150697DC}.Release|Any CPU.Build.0 = Release|Any CPU
		{07515D0C-0E0D-F3B4-286C-A5E437E8E0B2}.Debug|Any CPU.ActiveCfg = Debug|Any CPU
		{07515D0C-0E0D-F3B4-286C-A5E437E8E0B2}.Debug|Any CPU.Build.0 = Debug|Any CPU
		{07515D0C-0E0D-F3B4-286C-A5E437E8E0B2}.Release|Any CPU.ActiveCfg = Release|Any CPU
		{07515D0C-0E0D-F3B4-286C-A5E437E8E0B2}.Release|Any CPU.Build.0 = Release|Any CPU
	EndGlobalSection
	GlobalSection(SolutionProperties) = preSolution
		HideSolutionNode = FALSE
	EndGlobalSection
EndGlobal
