<?xml version="1.0" encoding="utf-8"?>
<Project ToolsVersion="4.0" xmlns="http://schemas.microsoft.com/developer/msbuild/2003">
  <ItemGroup>
    <ClCompile Include="..\AudioPluginUtil.cpp" />
    <ClCompile Include="..\hrtftable.cpp" />
    <ClCompile Include="..\Plugin_Timecode.cpp" />
    <ClCompile Include="..\xwax\lut.c">
      <Filter>xwax</Filter>
    </ClCompile>
    <ClCompile Include="..\xwax\lut.cpp">
      <Filter>xwax</Filter>
    </ClCompile>
    <ClCompile Include="..\xwax\timecoder.c">
      <Filter>xwax</Filter>
    </ClCompile>
  </ItemGroup>
  <ItemGroup>
    <ClInclude Include="..\AudioPluginInterface.h" />
    <ClInclude Include="..\AudioPluginUtil.h" />
    <ClInclude Include="..\PluginList.h" />
    <ClInclude Include="..\xwax\pitch.h">
      <Filter>xwax</Filter>
    </ClInclude>
    <ClInclude Include="..\xwax\lut.h">
      <Filter>xwax</Filter>
    </ClInclude>
    <ClInclude Include="..\xwax\timecoder.h">
      <Filter>xwax</Filter>
    </ClInclude>
  </ItemGroup>
  <ItemGroup>
    <None Include="..\xwax\README" />
  </ItemGroup>
  <ItemGroup>
    <Filter Include="xwax">
      <UniqueIdentifier>{dbb24760-ae7b-415c-bfe5-f71b6a67b560}</UniqueIdentifier>
    </Filter>
  </ItemGroup>
</Project>